
Microsoft Visual Studio Solution File, Format Version 12.00
# Visual Studio Version 16
VisualStudioVersion = 16.0.810.5
MinimumVisualStudioVersion = 10.0.40219.1
Project("{FAE04EC0-301F-11D3-BF4B-00C04F79EFBC}") = "YetAnotherDiscordRichPresence", "YetAnotherDiscordRichPresence\YetAnotherDiscordRichPresence.csproj", "{F517B6BA-1763-41F6-8A6F-6F64306CF4CD}"
EndProject
Global
	GlobalSection(SolutionConfigurationPlatforms) = preSolution
		Debug|Any CPU = Debug|Any CPU
		Release|Any CPU = Release|Any CPU
	EndGlobalSection
	GlobalSection(ProjectConfigurationPlatforms) = postSolution
		{F517B6BA-1763-41F6-8A6F-6F64306CF4CD}.Debug|Any CPU.ActiveCfg = Debug|Any CPU
		{F517B6BA-1763-41F6-8A6F-6F64306CF4CD}.Debug|Any CPU.Build.0 = Debug|Any CPU
		{F517B6BA-1763-41F6-8A6F-6F64306CF4CD}.Release|Any CPU.ActiveCfg = Release|Any CPU
		{F517B6BA-1763-41F6-8A6F-6F64306CF4CD}.Release|Any CPU.Build.0 = Release|Any CPU
	EndGlobalSection
	GlobalSection(SolutionProperties) = preSolution
		HideSolutionNode = FALSE
	EndGlobalSection
	GlobalSection(ExtensibilityGlobals) = postSolution
		SolutionGuid = {2D16D617-3504-40E8-ACB1-CACBA23B4F90}
	EndGlobalSection
EndGlobal
